{
  "name": "alchemy-demo",
  "version": "1.0.0",
  "lockfileVersion": 3,
  "requires": true,
  "packages": {
    "": {
      "name": "alchemy-demo",
      "version": "1.0.0",
      "license": "ISC",
      "dependencies": {
        "@opensea/seaport-js": "^4.0.4",
        "@types/node": "^24.0.0",
        "dotenv": "^16.5.0",
        "ethers": "^5.7.2",
        "ts-node": "^10.9.2",
        "typescript": "^5.8.3"
      }
    },
    "node_modules/@adraffy/ens-normalize": {
      "version": "1.10.1",
      "resolved": "https://registry.npmjs.org/@adraffy/ens-normalize/-/ens-normalize-1.10.1.tgz",
      "integrity": "sha512-96Z2IP3mYmF1Xg2cDm8f1gWGf/HUVedQ3FMifV4kG/PQ4yEP51xDtRAEfhVNt5f/uzpNkZHwWQuUcu6D6K+Ekw==",
      "license": "MIT"
    },
    "node_modules/@cspotcode/source-map-support": {
      "version": "0.8.1",
      "resolved": "https://registry.npmjs.org/@cspotcode/source-map-support/-/source-map-support-0.8.1.tgz",
      "integrity": "sha512-IchNf6dN4tHoMFIn/7OE8LWZ19Y6q/67Bmf6vnGREv8RSbBVb9LPJxEcnwrcwX6ixSvaiGoomAUvu4YSxXrVgw==",
      "license": "MIT",
      "dependencies": {
        "@jridgewell/trace-mapping": "0.3.9"
      },
      "engines": {
        "node": ">=12"
      }
    },
    "node_modules/@ethersproject/abi": {
      "version": "5.8.0",
      "resolved": "https://registry.npmjs.org/@ethersproject/abi/-/abi-5.8.0.tgz",
      "integrity": "sha512-b9YS/43ObplgyV6SlyQsG53/vkSal0MNA1fskSC4mbnCMi8R+NkcH8K9FPYNESf6jUefBUniE4SOKms0E/KK1Q==",
      "funding": [
        {
          "type": "individual",
          "url": "https://gitcoin.co/grants/13/ethersjs-complete-simple-and-tiny-2"
        },
        {
          "type": "individual",
          "url": "https://www.buymeacoffee.com/ricmoo"
        }
      ],
      "license": "MIT",
      "dependencies": {
        "@ethersproject/address": "^5.8.0",
        "@ethersproject/bignumber": "^5.8.0",
        "@ethersproject/bytes": "^5.8.0",
        "@ethersproject/constants": "^5.8.0",
        "@ethersproject/hash": "^5.8.0",
        "@ethersproject/keccak256": "^5.8.0",
        "@ethersproject/logger": "^5.8.0",
        "@ethersproject/properties": "^5.8.0",
        "@ethersproject/strings": "^5.8.0"
      }
    },
    "node_modules/@ethersproject/abstract-provider": {
      "version": "5.8.0",
      "resolved": "https://registry.npmjs.org/@ethersproject/abstract-provider/-/abstract-provider-5.8.0.tgz",
      "integrity": "sha512-wC9SFcmh4UK0oKuLJQItoQdzS/qZ51EJegK6EmAWlh+OptpQ/npECOR3QqECd8iGHC0RJb4WKbVdSfif4ammrg==",
      "funding": [
        {
          "type": "individual",
          "url": "https://gitcoin.co/grants/13/ethersjs-complete-simple-and-tiny-2"
        },
        {
          "type": "individual",
          "url": "https://www.buymeacoffee.com/ricmoo"
        }
      ],
      "license": "MIT",
      "dependencies": {
        "@ethersproject/bignumber": "^5.8.0",
        "@ethersproject/bytes": "^5.8.0",
        "@ethersproject/logger": "^5.8.0",
        "@ethersproject/networks": "^5.8.0",
        "@ethersproject/properties": "^5.8.0",
        "@ethersproject/transactions": "^5.8.0",
        "@ethersproject/web": "^5.8.0"
      }
    },
    "node_modules/@ethersproject/abstract-signer": {
      "version": "5.8.0",
      "resolved": "https://registry.npmjs.org/@ethersproject/abstract-signer/-/abstract-signer-5.8.0.tgz",
      "integrity": "sha512-N0XhZTswXcmIZQdYtUnd79VJzvEwXQw6PK0dTl9VoYrEBxxCPXqS0Eod7q5TNKRxe1/5WUMuR0u0nqTF/avdCA==",
      "funding": [
        {
          "type": "individual",
          "url": "https://gitcoin.co/grants/13/ethersjs-complete-simple-and-tiny-2"
        },
        {
          "type": "individual",
          "url": "https://www.buymeacoffee.com/ricmoo"
        }
      ],
      "license": "MIT",
      "dependencies": {
        "@ethersproject/abstract-provider": "^5.8.0",
        "@ethersproject/bignumber": "^5.8.0",
        "@ethersproject/bytes": "^5.8.0",
        "@ethersproject/logger": "^5.8.0",
        "@ethersproject/properties": "^5.8.0"
      }
    },
    "node_modules/@ethersproject/address": {
      "version": "5.8.0",
      "resolved": "https://registry.npmjs.org/@ethersproject/address/-/address-5.8.0.tgz",
      "integrity": "sha512-GhH/abcC46LJwshoN+uBNoKVFPxUuZm6dA257z0vZkKmU1+t8xTn8oK7B9qrj8W2rFRMch4gbJl6PmVxjxBEBA==",
      "funding": [
        {
          "type": "individual",
          "url": "https://gitcoin.co/grants/13/ethersjs-complete-simple-and-tiny-2"
        },
        {
          "type": "individual",
          "url": "https://www.buymeacoffee.com/ricmoo"
        }
      ],
      "license": "MIT",
      "dependencies": {
        "@ethersproject/bignumber": "^5.8.0",
        "@ethersproject/bytes": "^5.8.0",
        "@ethersproject/keccak256": "^5.8.0",
        "@ethersproject/logger": "^5.8.0",
        "@ethersproject/rlp": "^5.8.0"
      }
    },
    "node_modules/@ethersproject/base64": {
      "version": "5.8.0",
      "resolved": "https://registry.npmjs.org/@ethersproject/base64/-/base64-5.8.0.tgz",
      "integrity": "sha512-lN0oIwfkYj9LbPx4xEkie6rAMJtySbpOAFXSDVQaBnAzYfB4X2Qr+FXJGxMoc3Bxp2Sm8OwvzMrywxyw0gLjIQ==",
      "funding": [
        {
          "type": "individual",
          "url": "https://gitcoin.co/grants/13/ethersjs-complete-simple-and-tiny-2"
        },
        {
          "type": "individual",
          "url": "https://www.buymeacoffee.com/ricmoo"
        }
      ],
      "license": "MIT",
      "dependencies": {
        "@ethersproject/bytes": "^5.8.0"
      }
    },
    "node_modules/@ethersproject/basex": {
      "version": "5.8.0",
      "resolved": "https://registry.npmjs.org/@ethersproject/basex/-/basex-5.8.0.tgz",
      "integrity": "sha512-PIgTszMlDRmNwW9nhS6iqtVfdTAKosA7llYXNmGPw4YAI1PUyMv28988wAb41/gHF/WqGdoLv0erHaRcHRKW2Q==",
      "funding": [
        {
          "type": "individual",
          "url": "https://gitcoin.co/grants/13/ethersjs-complete-simple-and-tiny-2"
        },
        {
          "type": "individual",
          "url": "https://www.buymeacoffee.com/ricmoo"
        }
      ],
      "license": "MIT",
      "dependencies": {
        "@ethersproject/bytes": "^5.8.0",
        "@ethersproject/properties": "^5.8.0"
      }
    },
    "node_modules/@ethersproject/bignumber": {
      "version": "5.8.0",
      "resolved": "https://registry.npmjs.org/@ethersproject/bignumber/-/bignumber-5.8.0.tgz",
      "integrity": "sha512-ZyaT24bHaSeJon2tGPKIiHszWjD/54Sz8t57Toch475lCLljC6MgPmxk7Gtzz+ddNN5LuHea9qhAe0x3D+uYPA==",
      "funding": [
        {
          "type": "individual",
          "url": "https://gitcoin.co/grants/13/ethersjs-complete-simple-and-tiny-2"
        },
        {
          "type": "individual",
          "url": "https://www.buymeacoffee.com/ricmoo"
        }
      ],
      "license": "MIT",
      "dependencies": {
        "@ethersproject/bytes": "^5.8.0",
        "@ethersproject/logger": "^5.8.0",
        "bn.js": "^5.2.1"
      }
    },
    "node_modules/@ethersproject/bytes": {
      "version": "5.8.0",
      "resolved": "https://registry.npmjs.org/@ethersproject/bytes/-/bytes-5.8.0.tgz",
      "integrity": "sha512-vTkeohgJVCPVHu5c25XWaWQOZ4v+DkGoC42/TS2ond+PARCxTJvgTFUNDZovyQ/uAQ4EcpqqowKydcdmRKjg7A==",
      "funding": [
        {
          "type": "individual",
          "url": "https://gitcoin.co/grants/13/ethersjs-complete-simple-and-tiny-2"
        },
        {
          "type": "individual",
          "url": "https://www.buymeacoffee.com/ricmoo"
        }
      ],
      "license": "MIT",
      "dependencies": {
        "@ethersproject/logger": "^5.8.0"
      }
    },
    "node_modules/@ethersproject/constants": {
      "version": "5.8.0",
      "resolved": "https://registry.npmjs.org/@ethersproject/constants/-/constants-5.8.0.tgz",
      "integrity": "sha512-wigX4lrf5Vu+axVTIvNsuL6YrV4O5AXl5ubcURKMEME5TnWBouUh0CDTWxZ2GpnRn1kcCgE7l8O5+VbV9QTTcg==",
      "funding": [
        {
          "type": "individual",
          "url": "https://gitcoin.co/grants/13/ethersjs-complete-simple-and-tiny-2"
        },
        {
          "type": "individual",
          "url": "https://www.buymeacoffee.com/ricmoo"
        }
      ],
      "license": "MIT",
      "dependencies": {
        "@ethersproject/bignumber": "^5.8.0"
      }
    },
    "node_modules/@ethersproject/contracts": {
      "version": "5.8.0",
      "resolved": "https://registry.npmjs.org/@ethersproject/contracts/-/contracts-5.8.0.tgz",
      "integrity": "sha512-0eFjGz9GtuAi6MZwhb4uvUM216F38xiuR0yYCjKJpNfSEy4HUM8hvqqBj9Jmm0IUz8l0xKEhWwLIhPgxNY0yvQ==",
      "funding": [
        {
          "type": "individual",
          "url": "https://gitcoin.co/grants/13/ethersjs-complete-simple-and-tiny-2"
        },
        {
          "type": "individual",
          "url": "https://www.buymeacoffee.com/ricmoo"
        }
      ],
      "license": "MIT",
      "dependencies": {
        "@ethersproject/abi": "^5.8.0",
        "@ethersproject/abstract-provider": "^5.8.0",
        "@ethersproject/abstract-signer": "^5.8.0",
        "@ethersproject/address": "^5.8.0",
        "@ethersproject/bignumber": "^5.8.0",
        "@ethersproject/bytes": "^5.8.0",
        "@ethersproject/constants": "^5.8.0",
        "@ethersproject/logger": "^5.8.0",
        "@ethersproject/properties": "^5.8.0",
        "@ethersproject/transactions": "^5.8.0"
      }
    },
    "node_modules/@ethersproject/hash": {
      "version": "5.8.0",
      "resolved": "https://registry.npmjs.org/@ethersproject/hash/-/hash-5.8.0.tgz",
      "integrity": "sha512-ac/lBcTbEWW/VGJij0CNSw/wPcw9bSRgCB0AIBz8CvED/jfvDoV9hsIIiWfvWmFEi8RcXtlNwp2jv6ozWOsooA==",
      "funding": [
        {
          "type": "individual",
          "url": "https://gitcoin.co/grants/13/ethersjs-complete-simple-and-tiny-2"
        },
        {
          "type": "individual",
          "url": "https://www.buymeacoffee.com/ricmoo"
        }
      ],
      "license": "MIT",
      "dependencies": {
        "@ethersproject/abstract-signer": "^5.8.0",
        "@ethersproject/address": "^5.8.0",
        "@ethersproject/base64": "^5.8.0",
        "@ethersproject/bignumber": "^5.8.0",
        "@ethersproject/bytes": "^5.8.0",
        "@ethersproject/keccak256": "^5.8.0",
        "@ethersproject/logger": "^5.8.0",
        "@ethersproject/properties": "^5.8.0",
        "@ethersproject/strings": "^5.8.0"
      }
    },
    "node_modules/@ethersproject/hdnode": {
      "version": "5.8.0",
      "resolved": "https://registry.npmjs.org/@ethersproject/hdnode/-/hdnode-5.8.0.tgz",
      "integrity": "sha512-4bK1VF6E83/3/Im0ERnnUeWOY3P1BZml4ZD3wcH8Ys0/d1h1xaFt6Zc+Dh9zXf9TapGro0T4wvO71UTCp3/uoA==",
      "funding": [
        {
          "type": "individual",
          "url": "https://gitcoin.co/grants/13/ethersjs-complete-simple-and-tiny-2"
        },
        {
          "type": "individual",
          "url": "https://www.buymeacoffee.com/ricmoo"
        }
      ],
      "license": "MIT",
      "dependencies": {
        "@ethersproject/abstract-signer": "^5.8.0",
        "@ethersproject/basex": "^5.8.0",
        "@ethersproject/bignumber": "^5.8.0",
        "@ethersproject/bytes": "^5.8.0",
        "@ethersproject/logger": "^5.8.0",
        "@ethersproject/pbkdf2": "^5.8.0",
        "@ethersproject/properties": "^5.8.0",
        "@ethersproject/sha2": "^5.8.0",
        "@ethersproject/signing-key": "^5.8.0",
        "@ethersproject/strings": "^5.8.0",
        "@ethersproject/transactions": "^5.8.0",
        "@ethersproject/wordlists": "^5.8.0"
      }
    },
    "node_modules/@ethersproject/json-wallets": {
      "version": "5.8.0",
      "resolved": "https://registry.npmjs.org/@ethersproject/json-wallets/-/json-wallets-5.8.0.tgz",
      "integrity": "sha512-HxblNck8FVUtNxS3VTEYJAcwiKYsBIF77W15HufqlBF9gGfhmYOJtYZp8fSDZtn9y5EaXTE87zDwzxRoTFk11w==",
      "funding": [
        {
          "type": "individual",
          "url": "https://gitcoin.co/grants/13/ethersjs-complete-simple-and-tiny-2"
        },
        {
          "type": "individual",
          "url": "https://www.buymeacoffee.com/ricmoo"
        }
      ],
      "license": "MIT",
      "dependencies": {
        "@ethersproject/abstract-signer": "^5.8.0",
        "@ethersproject/address": "^5.8.0",
        "@ethersproject/bytes": "^5.8.0",
        "@ethersproject/hdnode": "^5.8.0",
        "@ethersproject/keccak256": "^5.8.0",
        "@ethersproject/logger": "^5.8.0",
        "@ethersproject/pbkdf2": "^5.8.0",
        "@ethersproject/properties": "^5.8.0",
        "@ethersproject/random": "^5.8.0",
        "@ethersproject/strings": "^5.8.0",
        "@ethersproject/transactions": "^5.8.0",
        "aes-js": "3.0.0",
        "scrypt-js": "3.0.1"
      }
    },
    "node_modules/@ethersproject/keccak256": {
      "version": "5.8.0",
      "resolved": "https://registry.npmjs.org/@ethersproject/keccak256/-/keccak256-5.8.0.tgz",
      "integrity": "sha512-A1pkKLZSz8pDaQ1ftutZoaN46I6+jvuqugx5KYNeQOPqq+JZ0Txm7dlWesCHB5cndJSu5vP2VKptKf7cksERng==",
      "funding": [
        {
          "type": "individual",
          "url": "https://gitcoin.co/grants/13/ethersjs-complete-simple-and-tiny-2"
        },
        {
          "type": "individual",
          "url": "https://www.buymeacoffee.com/ricmoo"
        }
      ],
      "license": "MIT",
      "dependencies": {
        "@ethersproject/bytes": "^5.8.0",
        "js-sha3": "0.8.0"
      }
    },
    "node_modules/@ethersproject/logger": {
      "version": "5.8.0",
      "resolved": "https://registry.npmjs.org/@ethersproject/logger/-/logger-5.8.0.tgz",
      "integrity": "sha512-Qe6knGmY+zPPWTC+wQrpitodgBfH7XoceCGL5bJVejmH+yCS3R8jJm8iiWuvWbG76RUmyEG53oqv6GMVWqunjA==",
      "funding": [
        {
          "type": "individual",
          "url": "https://gitcoin.co/grants/13/ethersjs-complete-simple-and-tiny-2"
        },
        {
          "type": "individual",
          "url": "https://www.buymeacoffee.com/ricmoo"
        }
      ],
      "license": "MIT"
    },
    "node_modules/@ethersproject/networks": {
      "version": "5.8.0",
      "resolved": "https://registry.npmjs.org/@ethersproject/networks/-/networks-5.8.0.tgz",
      "integrity": "sha512-egPJh3aPVAzbHwq8DD7Po53J4OUSsA1MjQp8Vf/OZPav5rlmWUaFLiq8cvQiGK0Z5K6LYzm29+VA/p4RL1FzNg==",
      "funding": [
        {
          "type": "individual",
          "url": "https://gitcoin.co/grants/13/ethersjs-complete-simple-and-tiny-2"
        },
        {
          "type": "individual",
          "url": "https://www.buymeacoffee.com/ricmoo"
        }
      ],
      "license": "MIT",
      "dependencies": {
        "@ethersproject/logger": "^5.8.0"
      }
    },
    "node_modules/@ethersproject/pbkdf2": {
      "version": "5.8.0",
      "resolved": "https://registry.npmjs.org/@ethersproject/pbkdf2/-/pbkdf2-5.8.0.tgz",
      "integrity": "sha512-wuHiv97BrzCmfEaPbUFpMjlVg/IDkZThp9Ri88BpjRleg4iePJaj2SW8AIyE8cXn5V1tuAaMj6lzvsGJkGWskg==",
      "funding": [
        {
          "type": "individual",
          "url": "https://gitcoin.co/grants/13/ethersjs-complete-simple-and-tiny-2"
        },
        {
          "type": "individual",
          "url": "https://www.buymeacoffee.com/ricmoo"
        }
      ],
      "license": "MIT",
      "dependencies": {
        "@ethersproject/bytes": "^5.8.0",
        "@ethersproject/sha2": "^5.8.0"
      }
    },
    "node_modules/@ethersproject/properties": {
      "version": "5.8.0",
      "resolved": "https://registry.npmjs.org/@ethersproject/properties/-/properties-5.8.0.tgz",
      "integrity": "sha512-PYuiEoQ+FMaZZNGrStmN7+lWjlsoufGIHdww7454FIaGdbe/p5rnaCXTr5MtBYl3NkeoVhHZuyzChPeGeKIpQw==",
      "funding": [
        {
          "type": "individual",
          "url": "https://gitcoin.co/grants/13/ethersjs-complete-simple-and-tiny-2"
        },
        {
          "type": "individual",
          "url": "https://www.buymeacoffee.com/ricmoo"
        }
      ],
      "license": "MIT",
      "dependencies": {
        "@ethersproject/logger": "^5.8.0"
      }
    },
    "node_modules/@ethersproject/providers": {
      "version": "5.8.0",
      "resolved": "https://registry.npmjs.org/@ethersproject/providers/-/providers-5.8.0.tgz",
      "integrity": "sha512-3Il3oTzEx3o6kzcg9ZzbE+oCZYyY+3Zh83sKkn4s1DZfTUjIegHnN2Cm0kbn9YFy45FDVcuCLLONhU7ny0SsCw==",
      "funding": [
        {
          "type": "individual",
          "url": "https://gitcoin.co/grants/13/ethersjs-complete-simple-and-tiny-2"
        },
        {
          "type": "individual",
          "url": "https://www.buymeacoffee.com/ricmoo"
        }
      ],
      "license": "MIT",
      "dependencies": {
        "@ethersproject/abstract-provider": "^5.8.0",
        "@ethersproject/abstract-signer": "^5.8.0",
        "@ethersproject/address": "^5.8.0",
        "@ethersproject/base64": "^5.8.0",
        "@ethersproject/basex": "^5.8.0",
        "@ethersproject/bignumber": "^5.8.0",
        "@ethersproject/bytes": "^5.8.0",
        "@ethersproject/constants": "^5.8.0",
        "@ethersproject/hash": "^5.8.0",
        "@ethersproject/logger": "^5.8.0",
        "@ethersproject/networks": "^5.8.0",
        "@ethersproject/properties": "^5.8.0",
        "@ethersproject/random": "^5.8.0",
        "@ethersproject/rlp": "^5.8.0",
        "@ethersproject/sha2": "^5.8.0",
        "@ethersproject/strings": "^5.8.0",
        "@ethersproject/transactions": "^5.8.0",
        "@ethersproject/web": "^5.8.0",
        "bech32": "1.1.4",
        "ws": "8.18.0"
      }
    },
    "node_modules/@ethersproject/random": {
      "version": "5.8.0",
      "resolved": "https://registry.npmjs.org/@ethersproject/random/-/random-5.8.0.tgz",
      "integrity": "sha512-E4I5TDl7SVqyg4/kkA/qTfuLWAQGXmSOgYyO01So8hLfwgKvYK5snIlzxJMk72IFdG/7oh8yuSqY2KX7MMwg+A==",
      "funding": [
        {
          "type": "individual",
          "url": "https://gitcoin.co/grants/13/ethersjs-complete-simple-and-tiny-2"
        },
        {
          "type": "individual",
          "url": "https://www.buymeacoffee.com/ricmoo"
        }
      ],
      "license": "MIT",
      "dependencies": {
        "@ethersproject/bytes": "^5.8.0",
        "@ethersproject/logger": "^5.8.0"
      }
    },
    "node_modules/@ethersproject/rlp": {
      "version": "5.8.0",
      "resolved": "https://registry.npmjs.org/@ethersproject/rlp/-/rlp-5.8.0.tgz",
      "integrity": "sha512-LqZgAznqDbiEunaUvykH2JAoXTT9NV0Atqk8rQN9nx9SEgThA/WMx5DnW8a9FOufo//6FZOCHZ+XiClzgbqV9Q==",
      "funding": [
        {
          "type": "individual",
          "url": "https://gitcoin.co/grants/13/ethersjs-complete-simple-and-tiny-2"
        },
        {
          "type": "individual",
          "url": "https://www.buymeacoffee.com/ricmoo"
        }
      ],
      "license": "MIT",
      "dependencies": {
        "@ethersproject/bytes": "^5.8.0",
        "@ethersproject/logger": "^5.8.0"
      }
    },
    "node_modules/@ethersproject/sha2": {
      "version": "5.8.0",
      "resolved": "https://registry.npmjs.org/@ethersproject/sha2/-/sha2-5.8.0.tgz",
      "integrity": "sha512-dDOUrXr9wF/YFltgTBYS0tKslPEKr6AekjqDW2dbn1L1xmjGR+9GiKu4ajxovnrDbwxAKdHjW8jNcwfz8PAz4A==",
      "funding": [
        {
          "type": "individual",
          "url": "https://gitcoin.co/grants/13/ethersjs-complete-simple-and-tiny-2"
        },
        {
          "type": "individual",
          "url": "https://www.buymeacoffee.com/ricmoo"
        }
      ],
      "license": "MIT",
      "dependencies": {
        "@ethersproject/bytes": "^5.8.0",
        "@ethersproject/logger": "^5.8.0",
        "hash.js": "1.1.7"
      }
    },
    "node_modules/@ethersproject/signing-key": {
      "version": "5.8.0",
      "resolved": "https://registry.npmjs.org/@ethersproject/signing-key/-/signing-key-5.8.0.tgz",
      "integrity": "sha512-LrPW2ZxoigFi6U6aVkFN/fa9Yx/+4AtIUe4/HACTvKJdhm0eeb107EVCIQcrLZkxaSIgc/eCrX8Q1GtbH+9n3w==",
      "funding": [
        {
          "type": "individual",
          "url": "https://gitcoin.co/grants/13/ethersjs-complete-simple-and-tiny-2"
        },
        {
          "type": "individual",
          "url": "https://www.buymeacoffee.com/ricmoo"
        }
      ],
      "license": "MIT",
      "dependencies": {
        "@ethersproject/bytes": "^5.8.0",
        "@ethersproject/logger": "^5.8.0",
        "@ethersproject/properties": "^5.8.0",
        "bn.js": "^5.2.1",
        "elliptic": "6.6.1",
        "hash.js": "1.1.7"
      }
    },
    "node_modules/@ethersproject/solidity": {
      "version": "5.8.0",
      "resolved": "https://registry.npmjs.org/@ethersproject/solidity/-/solidity-5.8.0.tgz",
      "integrity": "sha512-4CxFeCgmIWamOHwYN9d+QWGxye9qQLilpgTU0XhYs1OahkclF+ewO+3V1U0mvpiuQxm5EHHmv8f7ClVII8EHsA==",
      "funding": [
        {
          "type": "individual",
          "url": "https://gitcoin.co/grants/13/ethersjs-complete-simple-and-tiny-2"
        },
        {
          "type": "individual",
          "url": "https://www.buymeacoffee.com/ricmoo"
        }
      ],
      "license": "MIT",
      "dependencies": {
        "@ethersproject/bignumber": "^5.8.0",
        "@ethersproject/bytes": "^5.8.0",
        "@ethersproject/keccak256": "^5.8.0",
        "@ethersproject/logger": "^5.8.0",
        "@ethersproject/sha2": "^5.8.0",
        "@ethersproject/strings": "^5.8.0"
      }
    },
    "node_modules/@ethersproject/strings": {
      "version": "5.8.0",
      "resolved": "https://registry.npmjs.org/@ethersproject/strings/-/strings-5.8.0.tgz",
      "integrity": "sha512-qWEAk0MAvl0LszjdfnZ2uC8xbR2wdv4cDabyHiBh3Cldq/T8dPH3V4BbBsAYJUeonwD+8afVXld274Ls+Y1xXg==",
      "funding": [
        {
          "type": "individual",
          "url": "https://gitcoin.co/grants/13/ethersjs-complete-simple-and-tiny-2"
        },
        {
          "type": "individual",
          "url": "https://www.buymeacoffee.com/ricmoo"
        }
      ],
      "license": "MIT",
      "dependencies": {
        "@ethersproject/bytes": "^5.8.0",
        "@ethersproject/constants": "^5.8.0",
        "@ethersproject/logger": "^5.8.0"
      }
    },
    "node_modules/@ethersproject/transactions": {
      "version": "5.8.0",
      "resolved": "https://registry.npmjs.org/@ethersproject/transactions/-/transactions-5.8.0.tgz",
      "integrity": "sha512-UglxSDjByHG0TuU17bDfCemZ3AnKO2vYrL5/2n2oXvKzvb7Cz+W9gOWXKARjp2URVwcWlQlPOEQyAviKwT4AHg==",
      "funding": [
        {
          "type": "individual",
          "url": "https://gitcoin.co/grants/13/ethersjs-complete-simple-and-tiny-2"
        },
        {
          "type": "individual",
          "url": "https://www.buymeacoffee.com/ricmoo"
        }
      ],
      "license": "MIT",
      "dependencies": {
        "@ethersproject/address": "^5.8.0",
        "@ethersproject/bignumber": "^5.8.0",
        "@ethersproject/bytes": "^5.8.0",
        "@ethersproject/constants": "^5.8.0",
        "@ethersproject/keccak256": "^5.8.0",
        "@ethersproject/logger": "^5.8.0",
        "@ethersproject/properties": "^5.8.0",
        "@ethersproject/rlp": "^5.8.0",
        "@ethersproject/signing-key": "^5.8.0"
      }
    },
    "node_modules/@ethersproject/units": {
      "version": "5.8.0",
      "resolved": "https://registry.npmjs.org/@ethersproject/units/-/units-5.8.0.tgz",
      "integrity": "sha512-lxq0CAnc5kMGIiWW4Mr041VT8IhNM+Pn5T3haO74XZWFulk7wH1Gv64HqE96hT4a7iiNMdOCFEBgaxWuk8ETKQ==",
      "funding": [
        {
          "type": "individual",
          "url": "https://gitcoin.co/grants/13/ethersjs-complete-simple-and-tiny-2"
        },
        {
          "type": "individual",
          "url": "https://www.buymeacoffee.com/ricmoo"
        }
      ],
      "license": "MIT",
      "dependencies": {
        "@ethersproject/bignumber": "^5.8.0",
        "@ethersproject/constants": "^5.8.0",
        "@ethersproject/logger": "^5.8.0"
      }
    },
    "node_modules/@ethersproject/wallet": {
      "version": "5.8.0",
      "resolved": "https://registry.npmjs.org/@ethersproject/wallet/-/wallet-5.8.0.tgz",
      "integrity": "sha512-G+jnzmgg6UxurVKRKvw27h0kvG75YKXZKdlLYmAHeF32TGUzHkOFd7Zn6QHOTYRFWnfjtSSFjBowKo7vfrXzPA==",
      "funding": [
        {
          "type": "individual",
          "url": "https://gitcoin.co/grants/13/ethersjs-complete-simple-and-tiny-2"
        },
        {
          "type": "individual",
          "url": "https://www.buymeacoffee.com/ricmoo"
        }
      ],
      "license": "MIT",
      "dependencies": {
        "@ethersproject/abstract-provider": "^5.8.0",
        "@ethersproject/abstract-signer": "^5.8.0",
        "@ethersproject/address": "^5.8.0",
        "@ethersproject/bignumber": "^5.8.0",
        "@ethersproject/bytes": "^5.8.0",
        "@ethersproject/hash": "^5.8.0",
        "@ethersproject/hdnode": "^5.8.0",
        "@ethersproject/json-wallets": "^5.8.0",
        "@ethersproject/keccak256": "^5.8.0",
        "@ethersproject/logger": "^5.8.0",
        "@ethersproject/properties": "^5.8.0",
        "@ethersproject/random": "^5.8.0",
        "@ethersproject/signing-key": "^5.8.0",
        "@ethersproject/transactions": "^5.8.0",
        "@ethersproject/wordlists": "^5.8.0"
      }
    },
    "node_modules/@ethersproject/web": {
      "version": "5.8.0",
      "resolved": "https://registry.npmjs.org/@ethersproject/web/-/web-5.8.0.tgz",
      "integrity": "sha512-j7+Ksi/9KfGviws6Qtf9Q7KCqRhpwrYKQPs+JBA/rKVFF/yaWLHJEH3zfVP2plVu+eys0d2DlFmhoQJayFewcw==",
      "funding": [
        {
          "type": "individual",
          "url": "https://gitcoin.co/grants/13/ethersjs-complete-simple-and-tiny-2"
        },
        {
          "type": "individual",
          "url": "https://www.buymeacoffee.com/ricmoo"
        }
      ],
      "license": "MIT",
      "dependencies": {
        "@ethersproject/base64": "^5.8.0",
        "@ethersproject/bytes": "^5.8.0",
        "@ethersproject/logger": "^5.8.0",
        "@ethersproject/properties": "^5.8.0",
        "@ethersproject/strings": "^5.8.0"
      }
    },
    "node_modules/@ethersproject/wordlists": {
      "version": "5.8.0",
      "resolved": "https://registry.npmjs.org/@ethersproject/wordlists/-/wordlists-5.8.0.tgz",
      "integrity": "sha512-2df9bbXicZws2Sb5S6ET493uJ0Z84Fjr3pC4tu/qlnZERibZCeUVuqdtt+7Tv9xxhUxHoIekIA7avrKUWHrezg==",
      "funding": [
        {
          "type": "individual",
          "url": "https://gitcoin.co/grants/13/ethersjs-complete-simple-and-tiny-2"
        },
        {
          "type": "individual",
          "url": "https://www.buymeacoffee.com/ricmoo"
        }
      ],
      "license": "MIT",
      "dependencies": {
        "@ethersproject/bytes": "^5.8.0",
        "@ethersproject/hash": "^5.8.0",
        "@ethersproject/logger": "^5.8.0",
        "@ethersproject/properties": "^5.8.0",
        "@ethersproject/strings": "^5.8.0"
      }
    },
    "node_modules/@jridgewell/resolve-uri": {
      "version": "3.1.2",
      "resolved": "https://registry.npmjs.org/@jridgewell/resolve-uri/-/resolve-uri-3.1.2.tgz",
      "integrity": "sha512-bRISgCIjP20/tbWSPWMEi54QVPRZExkuD9lJL+UIxUKtwVJA8wW1Trb1jMs1RFXo1CBTNZ/5hpC9QvmKWdopKw==",
      "license": "MIT",
      "engines": {
        "node": ">=6.0.0"
      }
    },
    "node_modules/@jridgewell/sourcemap-codec": {
      "version": "1.5.0",
      "resolved": "https://registry.npmjs.org/@jridgewell/sourcemap-codec/-/sourcemap-codec-1.5.0.tgz",
      "integrity": "sha512-gv3ZRaISU3fjPAgNsriBRqGWQL6quFx04YMPW/zD8XMLsU32mhCCbfbO6KZFLjvYpCZ8zyDEgqsgf+PwPaM7GQ==",
      "license": "MIT"
    },
    "node_modules/@jridgewell/trace-mapping": {
      "version": "0.3.9",
      "resolved": "https://registry.npmjs.org/@jridgewell/trace-mapping/-/trace-mapping-0.3.9.tgz",
      "integrity": "sha512-3Belt6tdc8bPgAtbcmdtNJlirVoTmEb5e2gC94PnkwEW9jI6CAHUeoG85tjWP5WquqfavoMtMwiG4P926ZKKuQ==",
      "license": "MIT",
      "dependencies": {
        "@jridgewell/resolve-uri": "^3.0.3",
        "@jridgewell/sourcemap-codec": "^1.4.10"
      }
    },
    "node_modules/@noble/curves": {
      "version": "1.2.0",
      "resolved": "https://registry.npmjs.org/@noble/curves/-/curves-1.2.0.tgz",
      "integrity": "sha512-oYclrNgRaM9SsBUBVbb8M6DTV7ZHRTKugureoYEncY5c65HOmRzvSiTE3y5CYaPYJA/GVkrhXEoF0M3Ya9PMnw==",
      "license": "MIT",
      "dependencies": {
        "@noble/hashes": "1.3.2"
      },
      "funding": {
        "url": "https://paulmillr.com/funding/"
      }
    },
    "node_modules/@noble/hashes": {
      "version": "1.3.2",
      "resolved": "https://registry.npmjs.org/@noble/hashes/-/hashes-1.3.2.tgz",
      "integrity": "sha512-MVC8EAQp7MvEcm30KWENFjgR+Mkmf+D189XJTkFIlwohU5hcBbn1ZkKq7KVTi2Hme3PMGF390DaL52beVrIihQ==",
      "license": "MIT",
      "engines": {
        "node": ">= 16"
      },
      "funding": {
        "url": "https://paulmillr.com/funding/"
      }
    },
    "node_modules/@opensea/seaport-js": {
      "version": "4.0.4",
      "resolved": "https://registry.npmjs.org/@opensea/seaport-js/-/seaport-js-4.0.4.tgz",
      "integrity": "sha512-pOBgU+y1H9Bh463ZdgFshFBxnBQvEaGfoOJFDHbkvZTNLSqIOyuDmICFTQJEiPjYsS6tMQTbw2oJBtcVLFUT2g==",
      "hasInstallScript": true,
      "license": "MIT",
      "dependencies": {
        "ethers": "^6.9.0",
        "merkletreejs": "^0.4.0"
      },
      "engines": {
        "node": ">=20.0.0"
      }
    },
    "node_modules/@opensea/seaport-js/node_modules/@types/node": {
      "version": "22.7.5",
      "resolved": "https://registry.npmjs.org/@types/node/-/node-22.7.5.tgz",
      "integrity": "sha512-jML7s2NAzMWc//QSJ1a3prpk78cOPchGvXJsC3C6R6PSMoooztvRVQEz89gmBTBY1SPMaqo5teB4uNHPdetShQ==",
      "license": "MIT",
      "dependencies": {
        "undici-types": "~6.19.2"
      }
    },
    "node_modules/@opensea/seaport-js/node_modules/aes-js": {
      "version": "4.0.0-beta.5",
      "resolved": "https://registry.npmjs.org/aes-js/-/aes-js-4.0.0-beta.5.tgz",
      "integrity": "sha512-G965FqalsNyrPqgEGON7nIx1e/OVENSgiEIzyC63haUMuvNnwIgIjMs52hlTCKhkBny7A2ORNlfY9Zu+jmGk1Q==",
      "license": "MIT"
    },
    "node_modules/@opensea/seaport-js/node_modules/ethers": {
      "version": "6.14.3",
      "resolved": "https://registry.npmjs.org/ethers/-/ethers-6.14.3.tgz",
      "integrity": "sha512-qq7ft/oCJohoTcsNPFaXSQUm457MA5iWqkf1Mb11ujONdg7jBI6sAOrHaTi3j0CBqIGFSCeR/RMc+qwRRub7IA==",
      "funding": [
        {
          "type": "individual",
          "url": "https://github.com/sponsors/ethers-io/"
        },
        {
          "type": "individual",
          "url": "https://www.buymeacoffee.com/ricmoo"
        }
      ],
      "license": "MIT",
      "dependencies": {
        "@adraffy/ens-normalize": "1.10.1",
        "@noble/curves": "1.2.0",
        "@noble/hashes": "1.3.2",
        "@types/node": "22.7.5",
        "aes-js": "4.0.0-beta.5",
        "tslib": "2.7.0",
        "ws": "8.17.1"
      },
      "engines": {
        "node": ">=14.0.0"
      }
    },
    "node_modules/@opensea/seaport-js/node_modules/undici-types": {
      "version": "6.19.8",
      "resolved": "https://registry.npmjs.org/undici-types/-/undici-types-6.19.8.tgz",
      "integrity": "sha512-ve2KP6f/JnbPBFyobGHuerC9g1FYGn/F8n1LWTwNxCEzd6IfqTwUQcNXgEtmmQ6DlRrC1hrSrBnCZPokRrDHjw==",
      "license": "MIT"
    },
    "node_modules/@opensea/seaport-js/node_modules/ws": {
      "version": "8.17.1",
      "resolved": "https://registry.npmjs.org/ws/-/ws-8.17.1.tgz",
      "integrity": "sha512-6XQFvXTkbfUOZOKKILFG1PDK2NDQs4azKQl26T0YS5CxqWLgXajbPZ+h4gZekJyRqFU8pvnbAbbs/3TgRPy+GQ==",
      "license": "MIT",
      "engines": {
        "node": ">=10.0.0"
      },
      "peerDependencies": {
        "bufferutil": "^4.0.1",
        "utf-8-validate": ">=5.0.2"
      },
      "peerDependenciesMeta": {
        "bufferutil": {
          "optional": true
        },
        "utf-8-validate": {
          "optional": true
        }
      }
    },
    "node_modules/@tsconfig/node10": {
      "version": "1.0.11",
      "resolved": "https://registry.npmjs.org/@tsconfig/node10/-/node10-1.0.11.tgz",
      "integrity": "sha512-DcRjDCujK/kCk/cUe8Xz8ZSpm8mS3mNNpta+jGCA6USEDfktlNvm1+IuZ9eTcDbNk41BHwpHHeW+N1lKCz4zOw==",
      "license": "MIT"
    },
    "node_modules/@tsconfig/node12": {
      "version": "1.0.11",
      "resolved": "https://registry.npmjs.org/@tsconfig/node12/-/node12-1.0.11.tgz",
      "integrity": "sha512-cqefuRsh12pWyGsIoBKJA9luFu3mRxCA+ORZvA4ktLSzIuCUtWVxGIuXigEwO5/ywWFMZ2QEGKWvkZG1zDMTag==",
      "license": "MIT"
    },
    "node_modules/@tsconfig/node14": {
      "version": "1.0.3",
      "resolved": "https://registry.npmjs.org/@tsconfig/node14/-/node14-1.0.3.tgz",
      "integrity": "sha512-ysT8mhdixWK6Hw3i1V2AeRqZ5WfXg1G43mqoYlM2nc6388Fq5jcXyr5mRsqViLx/GJYdoL0bfXD8nmF+Zn/Iow==",
      "license": "MIT"
    },
    "node_modules/@tsconfig/node16": {
      "version": "1.0.4",
      "resolved": "https://registry.npmjs.org/@tsconfig/node16/-/node16-1.0.4.tgz",
      "integrity": "sha512-vxhUy4J8lyeyinH7Azl1pdd43GJhZH/tP2weN8TntQblOY+A0XbT8DJk1/oCPuOOyg/Ja757rG0CgHcWC8OfMA==",
      "license": "MIT"
    },
    "node_modules/@types/node": {
      "version": "24.0.0",
      "resolved": "https://registry.npmjs.org/@types/node/-/node-24.0.0.tgz",
      "integrity": "sha512-yZQa2zm87aRVcqDyH5+4Hv9KYgSdgwX1rFnGvpbzMaC7YAljmhBET93TPiTd3ObwTL+gSpIzPKg5BqVxdCvxKg==",
      "license": "MIT",
      "dependencies": {
        "undici-types": "~7.8.0"
      }
    },
    "node_modules/acorn": {
      "version": "8.15.0",
      "resolved": "https://registry.npmjs.org/acorn/-/acorn-8.15.0.tgz",
      "integrity": "sha512-NZyJarBfL7nWwIq+FDL6Zp/yHEhePMNnnJ0y3qfieCrmNvYct8uvtiV41UvlSe6apAfk0fY1FbWx+NwfmpvtTg==",
      "license": "MIT",
      "bin": {
        "acorn": "bin/acorn"
      },
      "engines": {
        "node": ">=0.4.0"
      }
    },
    "node_modules/acorn-walk": {
      "version": "8.3.4",
      "resolved": "https://registry.npmjs.org/acorn-walk/-/acorn-walk-8.3.4.tgz",
      "integrity": "sha512-ueEepnujpqee2o5aIYnvHU6C0A42MNdsIDeqy5BydrkuC5R1ZuUFnm27EeFJGoEHJQgn3uleRvmTXaJgfXbt4g==",
      "license": "MIT",
      "dependencies": {
        "acorn": "^8.11.0"
      },
      "engines": {
        "node": ">=0.4.0"
      }
    },
    "node_modules/aes-js": {
      "version": "3.0.0",
      "resolved": "https://registry.npmjs.org/aes-js/-/aes-js-3.0.0.tgz",
      "integrity": "sha512-H7wUZRn8WpTq9jocdxQ2c8x2sKo9ZVmzfRE13GiNJXfp7NcKYEdvl3vspKjXox6RIG2VtaRe4JFvxG4rqp2Zuw==",
      "license": "MIT"
    },
    "node_modules/arg": {
      "version": "4.1.3",
      "resolved": "https://registry.npmjs.org/arg/-/arg-4.1.3.tgz",
      "integrity": "sha512-58S9QDqG0Xx27YwPSt9fJxivjYl432YCwfDMfZ+71RAqUrZef7LrKQZ3LHLOwCS4FLNBplP533Zx895SeOCHvA==",
      "license": "MIT"
    },
    "node_modules/bech32": {
      "version": "1.1.4",
      "resolved": "https://registry.npmjs.org/bech32/-/bech32-1.1.4.tgz",
      "integrity": "sha512-s0IrSOzLlbvX7yp4WBfPITzpAU8sqQcpsmwXDiKwrG4r491vwCO/XpejasRNl0piBMe/DvP4Tz0mIS/X1DPJBQ==",
      "license": "MIT"
    },
    "node_modules/bn.js": {
      "version": "5.2.2",
      "resolved": "https://registry.npmjs.org/bn.js/-/bn.js-5.2.2.tgz",
      "integrity": "sha512-v2YAxEmKaBLahNwE1mjp4WON6huMNeuDvagFZW+ASCuA/ku0bXR9hSMw0XpiqMoA3+rmnyck/tPRSFQkoC9Cuw==",
      "license": "MIT"
    },
    "node_modules/brorand": {
      "version": "1.1.0",
      "resolved": "https://registry.npmjs.org/brorand/-/brorand-1.1.0.tgz",
      "integrity": "sha512-cKV8tMCEpQs4hK/ik71d6LrPOnpkpGBR0wzxqr68g2m/LB2GxVYQroAjMJZRVM1Y4BCjCKc3vAamxSzOY2RP+w==",
      "license": "MIT"
    },
    "node_modules/buffer-reverse": {
      "version": "1.0.1",
      "resolved": "https://registry.npmjs.org/buffer-reverse/-/buffer-reverse-1.0.1.tgz",
      "integrity": "sha512-M87YIUBsZ6N924W57vDwT/aOu8hw7ZgdByz6ijksLjmHJELBASmYTTlNHRgjE+pTsT9oJXGaDSgqqwfdHotDUg==",
      "license": "MIT"
    },
    "node_modules/create-require": {
      "version": "1.1.1",
      "resolved": "https://registry.npmjs.org/create-require/-/create-require-1.1.1.tgz",
      "integrity": "sha512-dcKFX3jn0MpIaXjisoRvexIJVEKzaq7z2rZKxf+MSr9TkdmHmsU4m2lcLojrj/FHl8mk5VxMmYA+ftRkP/3oKQ==",
      "license": "MIT"
    },
    "node_modules/crypto-js": {
      "version": "4.2.0",
      "resolved": "https://registry.npmjs.org/crypto-js/-/crypto-js-4.2.0.tgz",
      "integrity": "sha512-KALDyEYgpY+Rlob/iriUtjV6d5Eq+Y191A5g4UqLAi8CyGP9N1+FdVbkc1SxKc2r4YAYqG8JzO2KGL+AizD70Q==",
      "license": "MIT"
    },
    "node_modules/diff": {
      "version": "4.0.2",
      "resolved": "https://registry.npmjs.org/diff/-/diff-4.0.2.tgz",
      "integrity": "sha512-58lmxKSA4BNyLz+HHMUzlOEpg09FV+ev6ZMe3vJihgdxzgcwZ8VoEEPmALCZG9LmqfVoNMMKpttIYTVG6uDY7A==",
      "license": "BSD-3-Clause",
      "engines": {
        "node": ">=0.3.1"
      }
    },
    "node_modules/dotenv": {
      "version": "16.5.0",
      "resolved": "https://registry.npmjs.org/dotenv/-/dotenv-16.5.0.tgz",
      "integrity": "sha512-m/C+AwOAr9/W1UOIZUo232ejMNnJAJtYQjUbHoNTBNTJSvqzzDh7vnrei3o3r3m9blf6ZoDkvcw0VmozNRFJxg==",
      "license": "BSD-2-Clause",
      "engines": {
        "node": ">=12"
      },
      "funding": {
        "url": "https://dotenvx.com"
      }
    },
    "node_modules/elliptic": {
      "version": "6.6.1",
      "resolved": "https://registry.npmjs.org/elliptic/-/elliptic-6.6.1.tgz",
      "integrity": "sha512-RaddvvMatK2LJHqFJ+YA4WysVN5Ita9E35botqIYspQ4TkRAlCicdzKOjlyv/1Za5RyTNn7di//eEV0uTAfe3g==",
      "license": "MIT",
      "dependencies": {
        "bn.js": "^4.11.9",
        "brorand": "^1.1.0",
        "hash.js": "^1.0.0",
        "hmac-drbg": "^1.0.1",
        "inherits": "^2.0.4",
        "minimalistic-assert": "^1.0.1",
        "minimalistic-crypto-utils": "^1.0.1"
      }
    },
    "node_modules/elliptic/node_modules/bn.js": {
      "version": "4.12.2",
      "resolved": "https://registry.npmjs.org/bn.js/-/bn.js-4.12.2.tgz",
      "integrity": "sha512-n4DSx829VRTRByMRGdjQ9iqsN0Bh4OolPsFnaZBLcbi8iXcB+kJ9s7EnRt4wILZNV3kPLHkRVfOc/HvhC3ovDw==",
      "license": "MIT"
    },
    "node_modules/ethers": {
      "version": "5.8.0",
      "resolved": "https://registry.npmjs.org/ethers/-/ethers-5.8.0.tgz",
      "integrity": "sha512-DUq+7fHrCg1aPDFCHx6UIPb3nmt2XMpM7Y/g2gLhsl3lIBqeAfOJIl1qEvRf2uq3BiKxmh6Fh5pfp2ieyek7Kg==",
      "funding": [
        {
          "type": "individual",
          "url": "https://gitcoin.co/grants/13/ethersjs-complete-simple-and-tiny-2"
        },
        {
          "type": "individual",
          "url": "https://www.buymeacoffee.com/ricmoo"
        }
      ],
      "license": "MIT",
      "dependencies": {
        "@ethersproject/abi": "5.8.0",
        "@ethersproject/abstract-provider": "5.8.0",
        "@ethersproject/abstract-signer": "5.8.0",
        "@ethersproject/address": "5.8.0",
        "@ethersproject/base64": "5.8.0",
        "@ethersproject/basex": "5.8.0",
        "@ethersproject/bignumber": "5.8.0",
        "@ethersproject/bytes": "5.8.0",
        "@ethersproject/constants": "5.8.0",
        "@ethersproject/contracts": "5.8.0",
        "@ethersproject/hash": "5.8.0",
        "@ethersproject/hdnode": "5.8.0",
        "@ethersproject/json-wallets": "5.8.0",
        "@ethersproject/keccak256": "5.8.0",
        "@ethersproject/logger": "5.8.0",
        "@ethersproject/networks": "5.8.0",
        "@ethersproject/pbkdf2": "5.8.0",
        "@ethersproject/properties": "5.8.0",
        "@ethersproject/providers": "5.8.0",
        "@ethersproject/random": "5.8.0",
        "@ethersproject/rlp": "5.8.0",
        "@ethersproject/sha2": "5.8.0",
        "@ethersproject/signing-key": "5.8.0",
        "@ethersproject/solidity": "5.8.0",
        "@ethersproject/strings": "5.8.0",
        "@ethersproject/transactions": "5.8.0",
        "@ethersproject/units": "5.8.0",
        "@ethersproject/wallet": "5.8.0",
        "@ethersproject/web": "5.8.0",
        "@ethersproject/wordlists": "5.8.0"
      }
    },
    "node_modules/hash.js": {
      "version": "1.1.7",
      "resolved": "https://registry.npmjs.org/hash.js/-/hash.js-1.1.7.tgz",
      "integrity": "sha512-taOaskGt4z4SOANNseOviYDvjEJinIkRgmp7LbKP2YTTmVxWBl87s/uzK9r+44BclBSp2X7K1hqeNfz9JbBeXA==",
      "license": "MIT",
      "dependencies": {
        "inherits": "^2.0.3",
        "minimalistic-assert": "^1.0.1"
      }
    },
    "node_modules/hmac-drbg": {
      "version": "1.0.1",
      "resolved": "https://registry.npmjs.org/hmac-drbg/-/hmac-drbg-1.0.1.tgz",
      "integrity": "sha512-Tti3gMqLdZfhOQY1Mzf/AanLiqh1WTiJgEj26ZuYQ9fbkLomzGchCws4FyrSd4VkpBfiNhaE1On+lOz894jvXg==",
      "license": "MIT",
      "dependencies": {
        "hash.js": "^1.0.3",
        "minimalistic-assert": "^1.0.0",
        "minimalistic-crypto-utils": "^1.0.1"
      }
    },
    "node_modules/inherits": {
      "version": "2.0.4",
      "resolved": "https://registry.npmjs.org/inherits/-/inherits-2.0.4.tgz",
      "integrity": "sha512-k/vGaX4/Yla3WzyMCvTQOXYeIHvqOKtnqBduzTHpzpQZzAskKMhZ2K+EnBiSM9zGSoIFeMpXKxa4dYeZIQqewQ==",
      "license": "ISC"
    },
    "node_modules/js-sha3": {
      "version": "0.8.0",
      "resolved": "https://registry.npmjs.org/js-sha3/-/js-sha3-0.8.0.tgz",
      "integrity": "sha512-gF1cRrHhIzNfToc802P800N8PpXS+evLLXfsVpowqmAFR9uwbi89WvXg2QspOmXL8QL86J4T1EpFu+yUkwJY3Q==",
      "license": "MIT"
    },
    "node_modules/make-error": {
      "version": "1.3.6",
      "resolved": "https://registry.npmjs.org/make-error/-/make-error-1.3.6.tgz",
      "integrity": "sha512-s8UhlNe7vPKomQhC1qFelMokr/Sc3AgNbso3n74mVPA5LTZwkB9NlXf4XPamLxJE8h0gh73rM94xvwRT2CVInw==",
      "license": "ISC"
    },
    "node_modules/merkletreejs": {
      "version": "0.4.1",
      "resolved": "https://registry.npmjs.org/merkletreejs/-/merkletreejs-0.4.1.tgz",
      "integrity": "sha512-W2VSHeGTdAnWtedee+pgGn7SHvncMdINnMeHAaXrfarSaMNLff/pm7RCr/QXYxN6XzJFgJZY+28ejO0lAosW4A==",
      "license": "MIT",
      "dependencies": {
        "buffer-reverse": "^1.0.1",
        "crypto-js": "^4.2.0",
        "treeify": "^1.1.0"
      },
      "engines": {
        "node": ">= 7.6.0"
      }
    },
    "node_modules/minimalistic-assert": {
      "version": "1.0.1",
      "resolved": "https://registry.npmjs.org/minimalistic-assert/-/minimalistic-assert-1.0.1.tgz",
      "integrity": "sha512-UtJcAD4yEaGtjPezWuO9wC4nwUnVH/8/Im3yEHQP4b67cXlD/Qr9hdITCU1xDbSEXg2XKNaP8jsReV7vQd00/A==",
      "license": "ISC"
    },
    "node_modules/minimalistic-crypto-utils": {
      "version": "1.0.1",
      "resolved": "https://registry.npmjs.org/minimalistic-crypto-utils/-/minimalistic-crypto-utils-1.0.1.tgz",
      "integrity": "sha512-JIYlbt6g8i5jKfJ3xz7rF0LXmv2TkDxBLUkiBeZ7bAx4GnnNMr8xFpGnOxn6GhTEHx3SjRrZEoU+j04prX1ktg==",
      "license": "MIT"
    },
    "node_modules/scrypt-js": {
      "version": "3.0.1",
      "resolved": "https://registry.npmjs.org/scrypt-js/-/scrypt-js-3.0.1.tgz",
      "integrity": "sha512-cdwTTnqPu0Hyvf5in5asVdZocVDTNRmR7XEcJuIzMjJeSHybHl7vpB66AzwTaIg6CLSbtjcxc8fqcySfnTkccA==",
      "license": "MIT"
    },
    "node_modules/treeify": {
      "version": "1.1.0",
      "resolved": "https://registry.npmjs.org/treeify/-/treeify-1.1.0.tgz",
      "integrity": "sha512-1m4RA7xVAJrSGrrXGs0L3YTwyvBs2S8PbRHaLZAkFw7JR8oIFwYtysxlBZhYIa7xSyiYJKZ3iGrrk55cGA3i9A==",
      "license": "MIT",
      "engines": {
        "node": ">=0.6"
      }
    },
    "node_modules/ts-node": {
      "version": "10.9.2",
      "resolved": "https://registry.npmjs.org/ts-node/-/ts-node-10.9.2.tgz",
      "integrity": "sha512-f0FFpIdcHgn8zcPSbf1dRevwt047YMnaiJM3u2w2RewrB+fob/zePZcrOyQoLMMO7aBIddLcQIEK5dYjkLnGrQ==",
      "license": "MIT",
      "dependencies": {
        "@cspotcode/source-map-support": "^0.8.0",
        "@tsconfig/node10": "^1.0.7",
        "@tsconfig/node12": "^1.0.7",
        "@tsconfig/node14": "^1.0.0",
        "@tsconfig/node16": "^1.0.2",
        "acorn": "^8.4.1",
        "acorn-walk": "^8.1.1",
        "arg": "^4.1.0",
        "create-require": "^1.1.0",
        "diff": "^4.0.1",
        "make-error": "^1.1.1",
        "v8-compile-cache-lib": "^3.0.1",
        "yn": "3.1.1"
      },
      "bin": {
        "ts-node": "dist/bin.js",
        "ts-node-cwd": "dist/bin-cwd.js",
        "ts-node-esm": "dist/bin-esm.js",
        "ts-node-script": "dist/bin-script.js",
        "ts-node-transpile-only": "dist/bin-transpile.js",
        "ts-script": "dist/bin-script-deprecated.js"
      },
      "peerDependencies": {
        "@swc/core": ">=1.2.50",
        "@swc/wasm": ">=1.2.50",
        "@types/node": "*",
        "typescript": ">=2.7"
      },
      "peerDependenciesMeta": {
        "@swc/core": {
          "optional": true
        },
        "@swc/wasm": {
          "optional": true
        }
      }
    },
    "node_modules/tslib": {
      "version": "2.7.0",
      "resolved": "https://registry.npmjs.org/tslib/-/tslib-2.7.0.tgz",
      "integrity": "sha512-gLXCKdN1/j47AiHiOkJN69hJmcbGTHI0ImLmbYLHykhgeN0jVGola9yVjFgzCUklsZQMW55o+dW7IXv3RCXDzA==",
      "license": "0BSD"
    },
    "node_modules/typescript": {
      "version": "5.8.3",
      "resolved": "https://registry.npmjs.org/typescript/-/typescript-5.8.3.tgz",
      "integrity": "sha512-p1diW6TqL9L07nNxvRMM7hMMw4c5XOo/1ibL4aAIGmSAt9slTE1Xgw5KWuof2uTOvCg9BY7ZRi+GaF+7sfgPeQ==",
      "license": "Apache-2.0",
      "bin": {
        "tsc": "bin/tsc",
        "tsserver": "bin/tsserver"
      },
      "engines": {
        "node": ">=14.17"
      }
    },
    "node_modules/undici-types": {
      "version": "7.8.0",
      "resolved": "https://registry.npmjs.org/undici-types/-/undici-types-7.8.0.tgz",
      "integrity": "sha512-9UJ2xGDvQ43tYyVMpuHlsgApydB8ZKfVYTsLDhXkFL/6gfkp+U8xTGdh8pMJv1SpZna0zxG1DwsKZsreLbXBxw==",
      "license": "MIT"
    },
    "node_modules/v8-compile-cache-lib": {
      "version": "3.0.1",
      "resolved": "https://registry.npmjs.org/v8-compile-cache-lib/-/v8-compile-cache-lib-3.0.1.tgz",
      "integrity": "sha512-wa7YjyUGfNZngI/vtK0UHAN+lgDCxBPCylVXGp0zu59Fz5aiGtNXaq3DhIov063MorB+VfufLh3JlF2KdTK3xg==",
      "license": "MIT"
    },
    "node_modules/ws": {
      "version": "8.18.0",
      "resolved": "https://registry.npmjs.org/ws/-/ws-8.18.0.tgz",
      "integrity": "sha512-8VbfWfHLbbwu3+N6OKsOMpBdT4kXPDDB9cJk2bJ6mh9ucxdlnNvH1e+roYkKmN9Nxw2yjz7VzeO9oOz2zJ04Pw==",
      "license": "MIT",
      "engines": {
        "node": ">=10.0.0"
      },
      "peerDependencies": {
        "bufferutil": "^4.0.1",
        "utf-8-validate": ">=5.0.2"
      },
      "peerDependenciesMeta": {
        "bufferutil": {
          "optional": true
        },
        "utf-8-validate": {
          "optional": true
        }
      }
    },
    "node_modules/yn": {
      "version": "3.1.1",
      "resolved": "https://registry.npmjs.org/yn/-/yn-3.1.1.tgz",
      "integrity": "sha512-Ux4ygGWsu2c7isFWe8Yu1YluJmqVhxqK2cLXNQA5AcC3QfbGNpM7fu0Y8b/z16pXLnFxZYvWhd3fhBY9DLmC6Q==",
      "license": "MIT",
      "engines": {
        "node": ">=6"
      }
    }
  }
}
